
Microsoft Visual Studio Solution File, Format Version 12.00
# Visual Studio Version 17
VisualStudioVersion = 17.4.33213.308
MinimumVisualStudioVersion = 10.0.40219.1
Project("{FAE04EC0-301F-11D3-BF4B-00C04F79EFBC}") = "ContosoUniversity", "ContosoUniversity.csproj", "{AA2EE12F-B1E8-4E24-9719-6F259836917B}"
EndProject
Global
	GlobalSection(SolutionConfigurationPlatforms) = preSolution
		Debug|Any CPU = Debug|Any CPU
		Release|Any CPU = Release|Any CPU
	EndGlobalSection
	GlobalSection(ProjectConfigurationPlatforms) = postSolution
		{AA2EE12F-B1E8-4E24-9719-6F259836917B}.Debug|Any CPU.ActiveCfg = Debug|Any CPU
		{AA2EE12F-B1E8-4E24-9719-6F259836917B}.Debug|Any CPU.Build.0 = Debug|Any CPU
		{AA2EE12F-B1E8-4E24-9719-6F259836917B}.Release|Any CPU.ActiveCfg = Release|Any CPU
		{AA2EE12F-B1E8-4E24-9719-6F259836917B}.Release|Any CPU.Build.0 = Release|Any CPU
	EndGlobalSection
	GlobalSection(SolutionProperties) = preSolution
		HideSolutionNode = FALSE
	EndGlobalSection
	GlobalSection(ExtensibilityGlobals) = postSolution
		SolutionGuid = {49B0F60F-1128-418E-B37E-8ADF3BE634BB}
	EndGlobalSection
EndGlobal
